<Solution>
  <Folder Name="/src/" />
  <Folder Name="/src/backend/">
    <Project Path="src/backend/FleetFlow.Api/FleetFlow.Api.csproj" />
    <Project Path="src/backend/FleetFlow.Modules.Deliveries/FleetFlow.Modules.Deliveries.csproj" />
    <Project Path="src/backend/FleetFlow.Modules.Fleet/FleetFlow.Modules.Fleet.csproj" />
    <Project Path="src/backend/FleetFlow.Modules.Identity/FleetFlow.Modules.Identity.csproj" />
    <Project Path="src/backend/FleetFlow.Modules.Maintenance/FleetFlow.Modules.Maintenance.csproj" />
    <Project Path="src/backend/FleetFlow.Modules.Notifications/FleetFlow.Modules.Notifications.csproj" />
    <Project Path="src/backend/FleetFlow.Shared/FleetFlow.Shared.csproj" />
  </Folder>
  <Folder Name="/tests/">
    <Project Path="tests/FleetFlow.IntegrationTests/FleetFlow.IntegrationTests.csproj" />
    <Project Path="tests/FleetFlow.UnitTests/FleetFlow.UnitTests.csproj" />
  </Folder>
</Solution>
